# THIS IS AN AUTOGENERATED FILE. DO NOT EDIT THIS FILE DIRECTLY.
# yarn lockfile v1


"@browserify/acorn5-object-spread@^5.0.1":
  version "5.0.1"
  resolved "https://registry.yarnpkg.com/@browserify/acorn5-object-spread/-/acorn5-object-spread-5.0.1.tgz#92e9b37f97beac9ec429a3cc479ded380297540c"
  dependencies:
    acorn "^5.2.1"

acorn@^5.2.1:
  version "5.4.1"
  resolved "https://registry.yarnpkg.com/acorn/-/acorn-5.4.1.tgz#fdc58d9d17f4a4e98d102ded826a9b9759125102"

defined@^1.0.0:
  version "1.0.0"
  resolved "https://registry.yarnpkg.com/defined/-/defined-1.0.0.tgz#c98d9bcef75674188e110969151199e39b1fa693"

"detective@>= 0.0.3":
  version "5.0.2"
  resolved "https://registry.yarnpkg.com/detective/-/detective-5.0.2.tgz#84ec2e1c581e74211e2ae4ffce1edf52c3263f84"
  dependencies:
    "@browserify/acorn5-object-spread" "^5.0.1"
    acorn "^5.2.1"
    defined "^1.0.0"

"joose@>= 3.14.0", "joose@>= 3.16.0":
  version "3.50.0"
  resolved "https://registry.yarnpkg.com/joose/-/joose-3.50.0.tgz#0926824d43f640a0f47370bfca748a929344b483"
  dependencies:
    detective ">= 0.0.3"
    optimist "*"
    temp "*"

"joosex-namespace-depended@>= 0.11.0":
  version "0.18.0"
  resolved "https://registry.yarnpkg.com/joosex-namespace-depended/-/joosex-namespace-depended-0.18.0.tgz#3d82c113a331b2b1b860193a7bf3fc3ed56f9f1c"
  dependencies:
    joose ">= 3.16.0"
    joosex-simplerequest ">= 0.2.1"

"joosex-simplerequest@>= 0.2.1":
  version "0.2.2"
  resolved "https://registry.yarnpkg.com/joosex-simplerequest/-/joosex-simplerequest-0.2.2.tgz#0c9e1cb0d00a2e760abc1fded3be4977f81847c0"
  dependencies:
    joose ">= 3.14.0"

json2@^0.4.0:
  version "0.4.0"
  resolved "https://registry.yarnpkg.com/json2/-/json2-0.4.0.tgz#4f658ea900acc5acd7f8565977f16f41287810f9"
  dependencies:
    joose ">= 3.14.0"
    joosex-namespace-depended ">= 0.11.0"

minimist@~0.0.1:
  version "0.0.10"
  resolved "https://registry.yarnpkg.com/minimist/-/minimist-0.0.10.tgz#de3f98543dbf96082be48ad1a0c7cda836301dcf"

optimist@*:
  version "0.6.1"
  resolved "https://registry.yarnpkg.com/optimist/-/optimist-0.6.1.tgz#da3ea74686fa21a19a111c326e90eb15a0196686"
  dependencies:
    minimist "~0.0.1"
    wordwrap "~0.0.2"

os-tmpdir@^1.0.0:
  version "1.0.2"
  resolved "https://registry.yarnpkg.com/os-tmpdir/-/os-tmpdir-1.0.2.tgz#bbe67406c79aa85c5cfec766fe5734555dfa1274"

rimraf@~2.2.6:
  version "2.2.8"
  resolved "https://registry.yarnpkg.com/rimraf/-/rimraf-2.2.8.tgz#e439be2aaee327321952730f99a8929e4fc50582"

sizzle@^2.3.3:
  version "2.3.3"
  resolved "https://registry.yarnpkg.com/sizzle/-/sizzle-2.3.3.tgz#4eb078c37231a56b52e4193f701e7ef8937e606b"

temp@*:
  version "0.8.3"
  resolved "https://registry.yarnpkg.com/temp/-/temp-0.8.3.tgz#e0c6bc4d26b903124410e4fed81103014dfc1f59"
  dependencies:
    os-tmpdir "^1.0.0"
    rimraf "~2.2.6"

wordwrap@~0.0.2:
  version "0.0.3"
  resolved "https://registry.yarnpkg.com/wordwrap/-/wordwrap-0.0.3.tgz#a3d5da6cd5c0bc0008d37234bbaf1bed63059107"
